
Microsoft Visual Studio Solution File, Format Version 12.00
# Visual Studio 15
VisualStudioVersion = 15.0.27428.2027
MinimumVisualStudioVersion = 10.0.40219.1
Project("{FAE04EC0-301F-11D3-BF4B-00C04F79EFBC}") = "ConsoleApp1", "ConsoleApp1\ConsoleApp1.csproj", "{BDAC8CFD-7E16-4D98-8680-59020105E32B}"
EndProject
Project("{FAE04EC0-301F-11D3-BF4B-00C04F79EFBC}") = "WindowsFormsApp1", "WindowsFormsApp1\WindowsFormsApp1.csproj", "{8D521FF6-08CD-45CA-BEFC-5A9664EBFB99}"
EndProject
Global
	GlobalSection(SolutionConfigurationPlatforms) = preSolution
		Debug|Any CPU = Debug|Any CPU
		Release|Any CPU = Release|Any CPU
	EndGlobalSection
	GlobalSection(ProjectConfigurationPlatforms) = postSolution
		{BDAC8CFD-7E16-4D98-8680-59020105E32B}.Debug|Any CPU.ActiveCfg = Debug|Any CPU
		{BDAC8CFD-7E16-4D98-8680-59020105E32B}.Debug|Any CPU.Build.0 = Debug|Any CPU
		{BDAC8CFD-7E16-4D98-8680-59020105E32B}.Release|Any CPU.ActiveCfg = Release|Any CPU
		{BDAC8CFD-7E16-4D98-8680-59020105E32B}.Release|Any CPU.Build.0 = Release|Any CPU
		{8D521FF6-08CD-45CA-BEFC-5A9664EBFB99}.Debug|Any CPU.ActiveCfg = Debug|Any CPU
		{8D521FF6-08CD-45CA-BEFC-5A9664EBFB99}.Debug|Any CPU.Build.0 = Debug|Any CPU
		{8D521FF6-08CD-45CA-BEFC-5A9664EBFB99}.Release|Any CPU.ActiveCfg = Release|Any CPU
		{8D521FF6-08CD-45CA-BEFC-5A9664EBFB99}.Release|Any CPU.Build.0 = Release|Any CPU
	EndGlobalSection
	GlobalSection(SolutionProperties) = preSolution
		HideSolutionNode = FALSE
	EndGlobalSection
	GlobalSection(ExtensibilityGlobals) = postSolution
		SolutionGuid = {8940460A-BB28-44F2-8BC4-DCA56858127B}
	EndGlobalSection
EndGlobal
